
Microsoft Visual Studio Solution File, Format Version 12.00
# Visual Studio Version 17
VisualStudioVersion = 17.3.32929.385
MinimumVisualStudioVersion = 10.0.40219.1
Project("{8BC9CEB8-8B4A-11D0-8D11-00A0C91BC942}") = "LoggerConfigurator", "LoggerConfigurator.vcxitems", "{4F50A7D8-0475-4C3E-BBEF-4D86A02B5A85}"
EndProject
Global
	GlobalSection(SolutionProperties) = preSolution
		HideSolutionNode = FALSE
	EndGlobalSection
	GlobalSection(ExtensibilityGlobals) = postSolution
		SolutionGuid = {9D128FA7-61C5-43A3-86C8-802D26F070DD}
	EndGlobalSection
EndGlobal
